
Microsoft Visual Studio Solution File, Format Version 12.00
# Visual Studio 15
VisualStudioVersion = 15.0.28307.902
MinimumVisualStudioVersion = 10.0.40219.1
Project("{9A19103F-16F7-4668-BE54-9A1E7A4F7556}") = "DrinkAndGo", "DrinkAndGo.csproj", "{AB440674-5F3D-416F-AC81-8347F92AD033}"
EndProject
Global
	GlobalSection(SolutionConfigurationPlatforms) = preSolution
		Debug|Any CPU = Debug|Any CPU
		Release|Any CPU = Release|Any CPU
	EndGlobalSection
	GlobalSection(ProjectConfigurationPlatforms) = postSolution
		{AB440674-5F3D-416F-AC81-8347F92AD033}.Debug|Any CPU.ActiveCfg = Debug|Any CPU
		{AB440674-5F3D-416F-AC81-8347F92AD033}.Debug|Any CPU.Build.0 = Debug|Any CPU
		{AB440674-5F3D-416F-AC81-8347F92AD033}.Release|Any CPU.ActiveCfg = Release|Any CPU
		{AB440674-5F3D-416F-AC81-8347F92AD033}.Release|Any CPU.Build.0 = Release|Any CPU
	EndGlobalSection
	GlobalSection(SolutionProperties) = preSolution
		HideSolutionNode = FALSE
	EndGlobalSection
	GlobalSection(ExtensibilityGlobals) = postSolution
		SolutionGuid = {69A2EF6E-4B5E-4EAA-AD3C-30E1F20C56CD}
	EndGlobalSection
EndGlobal
